
Microsoft Visual Studio Solution File, Format Version 12.00
# Visual Studio 2013
VisualStudioVersion = 12.0.31101.0
MinimumVisualStudioVersion = 10.0.40219.1
Project("{FAE04EC0-301F-11D3-BF4B-00C04F79EFBC}") = "task3", "task3\task3.csproj", "{AAACEA88-63FB-465F-AC48-CCE92426CF36}"
EndProject
Project("{FAE04EC0-301F-11D3-BF4B-00C04F79EFBC}") = "task 3,1", "task 3,1\task 3,1.csproj", "{1C42E494-65A5-429F-9E38-E269ACDA05F7}"
EndProject
Global
	GlobalSection(SolutionConfigurationPlatforms) = preSolution
		Debug|Any CPU = Debug|Any CPU
		Release|Any CPU = Release|Any CPU
	EndGlobalSection
	GlobalSection(ProjectConfigurationPlatforms) = postSolution
		{AAACEA88-63FB-465F-AC48-CCE92426CF36}.Debug|Any CPU.ActiveCfg = Debug|Any CPU
		{AAACEA88-63FB-465F-AC48-CCE92426CF36}.Debug|Any CPU.Build.0 = Debug|Any CPU
		{AAACEA88-63FB-465F-AC48-CCE92426CF36}.Release|Any CPU.ActiveCfg = Release|Any CPU
		{AAACEA88-63FB-465F-AC48-CCE92426CF36}.Release|Any CPU.Build.0 = Release|Any CPU
		{1C42E494-65A5-429F-9E38-E269ACDA05F7}.Debug|Any CPU.ActiveCfg = Debug|Any CPU
		{1C42E494-65A5-429F-9E38-E269ACDA05F7}.Debug|Any CPU.Build.0 = Debug|Any CPU
		{1C42E494-65A5-429F-9E38-E269ACDA05F7}.Release|Any CPU.ActiveCfg = Release|Any CPU
		{1C42E494-65A5-429F-9E38-E269ACDA05F7}.Release|Any CPU.Build.0 = Release|Any CPU
	EndGlobalSection
	GlobalSection(SolutionProperties) = preSolution
		HideSolutionNode = FALSE
	EndGlobalSection
EndGlobal
